Microsoft Visual Studio Solution File, Format Version 12.00
# Visual Studio Version 17
VisualStudioVersion = 17.5.33209.295
MinimumVisualStudioVersion = 10.0.40219.1
Project("{9A19103F-16F7-4668-BE54-9A1E7A4F7556}") = "ShoppingList4.Api", "ShoppingList4.Api\ShoppingList4.Api.csproj", "{2A9B4DD5-CE1B-4C53-B90A-8069CB04FF7C}"
EndProject
Project("{9A19103F-16F7-4668-BE54-9A1E7A4F7556}") = "ShoppingList4.Maui", "ShoppingList4.Maui\ShoppingList4.Maui.csproj", "{4CD2F975-5908-49F5-A25F-7F67F246132B}"
EndProject
Project("{2150E333-8FDC-42A3-9474-1A3956D46DE8}") = "Solution Items", "Solution Items", "{FB65091C-0C10-49A4-B360-A59F51315524}"
	ProjectSection(SolutionItems) = preProject
		.editorconfig = .editorconfig
	EndProjectSection
EndProject
Project("{9A19103F-16F7-4668-BE54-9A1E7A4F7556}") = "ShoppingList4.Blazor", "ShoppingList4.Blazor\ShoppingList4.Blazor.csproj", "{73BC82B8-C265-49D9-9E41-673C6AA7CB52}"
EndProject
Project("{2150E333-8FDC-42A3-9474-1A3956D46DE8}") = "Api", "Api", "{02EA681E-C7D8-13C7-8484-4AC65E1B71E8}"
EndProject
Project("{FAE04EC0-301F-11D3-BF4B-00C04F79EFBC}") = "ShoppingList4.Api.Application", "ShoppingList4.Api.Application\ShoppingList4.Api.Application.csproj", "{7364E0C7-B7E4-4359-9C4B-498660E750C5}"
EndProject
Project("{FAE04EC0-301F-11D3-BF4B-00C04F79EFBC}") = "ShoppingList4.Api.Domain", "ShoppingList4.Api.Domain\ShoppingList4.Api.Domain.csproj", "{76F81B6C-47BC-41F3-94A1-67A0326366AB}"
EndProject
Project("{FAE04EC0-301F-11D3-BF4B-00C04F79EFBC}") = "ShoppingList4.Api.Infrastructure", "ShoppingList4.Api.Infrastructure\ShoppingList4.Api.Infrastructure.csproj", "{BF4C9B9F-FB20-4F1E-A233-87D1EA858979}"
EndProject
Project("{FAE04EC0-301F-11D3-BF4B-00C04F79EFBC}") = "ShoppingList4.Domain", "ShoppingList4.Domain\ShoppingList4.Domain.csproj", "{51B2A616-9CDE-4321-A78E-466C4928143C}"
EndProject
Project("{FAE04EC0-301F-11D3-BF4B-00C04F79EFBC}") = "ShoppingList4.Infrastructure", "ShoppingList4.Infrastructure\ShoppingList4.Infrastructure.csproj", "{EE8A0C3F-774B-46DE-9397-00D1E124D688}"
EndProject
Global
	GlobalSection(SolutionConfigurationPlatforms) = preSolution
		Debug|Any CPU = Debug|Any CPU
		Release|Any CPU = Release|Any CPU
	EndGlobalSection
	GlobalSection(ProjectConfigurationPlatforms) = postSolution
		{2A9B4DD5-CE1B-4C53-B90A-8069CB04FF7C}.Debug|Any CPU.ActiveCfg = Debug|Any CPU
		{2A9B4DD5-CE1B-4C53-B90A-8069CB04FF7C}.Debug|Any CPU.Build.0 = Debug|Any CPU
		{2A9B4DD5-CE1B-4C53-B90A-8069CB04FF7C}.Release|Any CPU.ActiveCfg = Release|Any CPU
		{2A9B4DD5-CE1B-4C53-B90A-8069CB04FF7C}.Release|Any CPU.Build.0 = Release|Any CPU
		{4CD2F975-5908-49F5-A25F-7F67F246132B}.Debug|Any CPU.ActiveCfg = Debug|Any CPU
		{4CD2F975-5908-49F5-A25F-7F67F246132B}.Debug|Any CPU.Build.0 = Debug|Any CPU
		{4CD2F975-5908-49F5-A25F-7F67F246132B}.Debug|Any CPU.Deploy.0 = Debug|Any CPU
		{4CD2F975-5908-49F5-A25F-7F67F246132B}.Release|Any CPU.ActiveCfg = Release|Any CPU
		{4CD2F975-5908-49F5-A25F-7F67F246132B}.Release|Any CPU.Build.0 = Release|Any CPU
		{4CD2F975-5908-49F5-A25F-7F67F246132B}.Release|Any CPU.Deploy.0 = Release|Any CPU
		{73BC82B8-C265-49D9-9E41-673C6AA7CB52}.Debug|Any CPU.ActiveCfg = Debug|Any CPU
		{73BC82B8-C265-49D9-9E41-673C6AA7CB52}.Debug|Any CPU.Build.0 = Debug|Any CPU
		{73BC82B8-C265-49D9-9E41-673C6AA7CB52}.Release|Any CPU.ActiveCfg = Release|Any CPU
		{73BC82B8-C265-49D9-9E41-673C6AA7CB52}.Release|Any CPU.Build.0 = Release|Any CPU
		{7364E0C7-B7E4-4359-9C4B-498660E750C5}.Debug|Any CPU.ActiveCfg = Debug|Any CPU
		{7364E0C7-B7E4-4359-9C4B-498660E750C5}.Debug|Any CPU.Build.0 = Debug|Any CPU
		{7364E0C7-B7E4-4359-9C4B-498660E750C5}.Release|Any CPU.ActiveCfg = Release|Any CPU
		{7364E0C7-B7E4-4359-9C4B-498660E750C5}.Release|Any CPU.Build.0 = Release|Any CPU
		{76F81B6C-47BC-41F3-94A1-67A0326366AB}.Debug|Any CPU.ActiveCfg = Debug|Any CPU
		{76F81B6C-47BC-41F3-94A1-67A0326366AB}.Debug|Any CPU.Build.0 = Debug|Any CPU
		{76F81B6C-47BC-41F3-94A1-67A0326366AB}.Release|Any CPU.ActiveCfg = Release|Any CPU
		{76F81B6C-47BC-41F3-94A1-67A0326366AB}.Release|Any CPU.Build.0 = Release|Any CPU
		{BF4C9B9F-FB20-4F1E-A233-87D1EA858979}.Debug|Any CPU.ActiveCfg = Debug|Any CPU
		{BF4C9B9F-FB20-4F1E-A233-87D1EA858979}.Debug|Any CPU.Build.0 = Debug|Any CPU
		{BF4C9B9F-FB20-4F1E-A233-87D1EA858979}.Release|Any CPU.ActiveCfg = Release|Any CPU
		{BF4C9B9F-FB20-4F1E-A233-87D1EA858979}.Release|Any CPU.Build.0 = Release|Any CPU
		{51B2A616-9CDE-4321-A78E-466C4928143C}.Debug|Any CPU.ActiveCfg = Debug|Any CPU
		{51B2A616-9CDE-4321-A78E-466C4928143C}.Debug|Any CPU.Build.0 = Debug|Any CPU
		{51B2A616-9CDE-4321-A78E-466C4928143C}.Release|Any CPU.ActiveCfg = Release|Any CPU
		{51B2A616-9CDE-4321-A78E-466C4928143C}.Release|Any CPU.Build.0 = Release|Any CPU
		{EE8A0C3F-774B-46DE-9397-00D1E124D688}.Debug|Any CPU.ActiveCfg = Debug|Any CPU
		{EE8A0C3F-774B-46DE-9397-00D1E124D688}.Debug|Any CPU.Build.0 = Debug|Any CPU
		{EE8A0C3F-774B-46DE-9397-00D1E124D688}.Release|Any CPU.ActiveCfg = Release|Any CPU
		{EE8A0C3F-774B-46DE-9397-00D1E124D688}.Release|Any CPU.Build.0 = Release|Any CPU
	EndGlobalSection
	GlobalSection(SolutionProperties) = preSolution
		HideSolutionNode = FALSE
	EndGlobalSection
	GlobalSection(NestedProjects) = preSolution
		{2A9B4DD5-CE1B-4C53-B90A-8069CB04FF7C} = {02EA681E-C7D8-13C7-8484-4AC65E1B71E8}
		{7364E0C7-B7E4-4359-9C4B-498660E750C5} = {02EA681E-C7D8-13C7-8484-4AC65E1B71E8}
		{76F81B6C-47BC-41F3-94A1-67A0326366AB} = {02EA681E-C7D8-13C7-8484-4AC65E1B71E8}
		{BF4C9B9F-FB20-4F1E-A233-87D1EA858979} = {02EA681E-C7D8-13C7-8484-4AC65E1B71E8}
	EndGlobalSection
	GlobalSection(ExtensibilityGlobals) = postSolution
		SolutionGuid = {70B7CF6F-4B51-4101-848F-E9CCA28A14C8}
	EndGlobalSection
EndGlobal
