
Microsoft Visual Studio Solution File, Format Version 12.00
# Visual Studio Version 17
VisualStudioVersion = 17.5.33209.295
MinimumVisualStudioVersion = 10.0.40219.1
Project("{FAE04EC0-301F-11D3-BF4B-00C04F79EFBC}") = "ShoppingList4.Api", "ShoppingList4.Api\ShoppingList4.Api.csproj", "{2A9B4DD5-CE1B-4C53-B90A-8069CB04FF7C}"
EndProject
Global
	GlobalSection(SolutionConfigurationPlatforms) = preSolution
		Debug|Any CPU = Debug|Any CPU
		Release|Any CPU = Release|Any CPU
	EndGlobalSection
	GlobalSection(ProjectConfigurationPlatforms) = postSolution
		{2A9B4DD5-CE1B-4C53-B90A-8069CB04FF7C}.Debug|Any CPU.ActiveCfg = Debug|Any CPU
		{2A9B4DD5-CE1B-4C53-B90A-8069CB04FF7C}.Debug|Any CPU.Build.0 = Debug|Any CPU
		{2A9B4DD5-CE1B-4C53-B90A-8069CB04FF7C}.Release|Any CPU.ActiveCfg = Release|Any CPU
		{2A9B4DD5-CE1B-4C53-B90A-8069CB04FF7C}.Release|Any CPU.Build.0 = Release|Any CPU
	EndGlobalSection
	GlobalSection(SolutionProperties) = preSolution
		HideSolutionNode = FALSE
	EndGlobalSection
	GlobalSection(ExtensibilityGlobals) = postSolution
		SolutionGuid = {70B7CF6F-4B51-4101-848F-E9CCA28A14C8}
	EndGlobalSection
EndGlobal
